{
  "name": "audio-buffer-instrument",
  "version": "1.0.1",
  "lockfileVersion": 1,
  "requires": true,
  "dependencies": {
    "tiny-sample-loader": {
      "version": "2.0.0",
      "resolved": "https://registry.npmjs.org/tiny-sample-loader/-/tiny-sample-loader-2.0.0.tgz",
      "integrity": "sha512-AVhTzEZlxKfWnpgMoifBWIis7k9dKHdOjOnsj1ElJSQoSOJYO+4YUWhMKBNWaIsk2N1aO+puyc4CFUEg5vsPOg=="
    }
  }
}
